
Microsoft Visual Studio Solution File, Format Version 12.00
# Visual Studio Version 16
VisualStudioVersion = 16.0.32228.343
MinimumVisualStudioVersion = 10.0.40219.1
Project("{F184B08F-C81C-45F6-A57F-5ABD9991F28F}") = "Nueva", "Nueva\Nueva.vbproj", "{B42201AA-EAA0-4916-B627-0608187B9863}"
EndProject
Global
	GlobalSection(SolutionConfigurationPlatforms) = preSolution
		Debug|Any CPU = Debug|Any CPU
		Release|Any CPU = Release|Any CPU
	EndGlobalSection
	GlobalSection(ProjectConfigurationPlatforms) = postSolution
		{B42201AA-EAA0-4916-B627-0608187B9863}.Debug|Any CPU.ActiveCfg = Debug|Any CPU
		{B42201AA-EAA0-4916-B627-0608187B9863}.Debug|Any CPU.Build.0 = Debug|Any CPU
		{B42201AA-EAA0-4916-B627-0608187B9863}.Release|Any CPU.ActiveCfg = Release|Any CPU
		{B42201AA-EAA0-4916-B627-0608187B9863}.Release|Any CPU.Build.0 = Release|Any CPU
	EndGlobalSection
	GlobalSection(SolutionProperties) = preSolution
		HideSolutionNode = FALSE
	EndGlobalSection
	GlobalSection(ExtensibilityGlobals) = postSolution
		SolutionGuid = {758E3BB4-BE99-4E11-9C54-555FBB9EEF79}
	EndGlobalSection
EndGlobal
